
Microsoft Visual Studio Solution File, Format Version 12.00
# Visual Studio Version 17
VisualStudioVersion = 17.9.34728.123
MinimumVisualStudioVersion = 10.0.40219.1
Project("{9A19103F-16F7-4668-BE54-9A1E7A4F7556}") = "OnlineStrore", "OnlineStrore\OnlineStrore.csproj", "{7672DC44-B38C-471C-859C-CF717CC86C53}"
EndProject
Project("{9A19103F-16F7-4668-BE54-9A1E7A4F7556}") = "OnlineStore.Storage.MS_SQL", "OnlineStore.Storage.MS_SQL\OnlineStore.Storage.MS_SQL.csproj", "{F2BD8915-FCF2-4052-8DED-9D80061D5A72}"
EndProject
Project("{9A19103F-16F7-4668-BE54-9A1E7A4F7556}") = "OnlineStore.Logic", "OnlineStore.Logic\OnlineStore.Logic.csproj", "{1501F783-E0D5-40FE-BB4F-AE383EF18EDB}"
EndProject
Global
	GlobalSection(SolutionConfigurationPlatforms) = preSolution
		Debug|Any CPU = Debug|Any CPU
		Release|Any CPU = Release|Any CPU
	EndGlobalSection
	GlobalSection(ProjectConfigurationPlatforms) = postSolution
		{7672DC44-B38C-471C-859C-CF717CC86C53}.Debug|Any CPU.ActiveCfg = Debug|Any CPU
		{7672DC44-B38C-471C-859C-CF717CC86C53}.Debug|Any CPU.Build.0 = Debug|Any CPU
		{7672DC44-B38C-471C-859C-CF717CC86C53}.Release|Any CPU.ActiveCfg = Release|Any CPU
		{7672DC44-B38C-471C-859C-CF717CC86C53}.Release|Any CPU.Build.0 = Release|Any CPU
		{F2BD8915-FCF2-4052-8DED-9D80061D5A72}.Debug|Any CPU.ActiveCfg = Debug|Any CPU
		{F2BD8915-FCF2-4052-8DED-9D80061D5A72}.Debug|Any CPU.Build.0 = Debug|Any CPU
		{F2BD8915-FCF2-4052-8DED-9D80061D5A72}.Release|Any CPU.ActiveCfg = Release|Any CPU
		{F2BD8915-FCF2-4052-8DED-9D80061D5A72}.Release|Any CPU.Build.0 = Release|Any CPU
		{1501F783-E0D5-40FE-BB4F-AE383EF18EDB}.Debug|Any CPU.ActiveCfg = Debug|Any CPU
		{1501F783-E0D5-40FE-BB4F-AE383EF18EDB}.Debug|Any CPU.Build.0 = Debug|Any CPU
		{1501F783-E0D5-40FE-BB4F-AE383EF18EDB}.Release|Any CPU.ActiveCfg = Release|Any CPU
		{1501F783-E0D5-40FE-BB4F-AE383EF18EDB}.Release|Any CPU.Build.0 = Release|Any CPU
	EndGlobalSection
	GlobalSection(SolutionProperties) = preSolution
		HideSolutionNode = FALSE
	EndGlobalSection
	GlobalSection(ExtensibilityGlobals) = postSolution
		SolutionGuid = {DF02A500-E9EC-4B5C-A6C5-9F27D6D47F1E}
	EndGlobalSection
EndGlobal
